// !$*UTF8*$!
{
	archiveVersion = 1;
	classes = {
	};
	objectVersion = 46;
	objects = {

/* Begin PBXBuildFile section */
		694F7E741C46294C00ED76DF /* main.m in Sources */ = {isa = PBXBuildFile; fileRef = 694F7E731C46294C00ED76DF /* main.m */; };
		694F7E771C46294C00ED76DF /* AppDelegate.m in Sources */ = {isa = PBXBuildFile; fileRef = 694F7E761C46294C00ED76DF /* AppDelegate.m */; };
		694F7E7D1C46294C00ED76DF /* Main.storyboard in Resources */ = {isa = PBXBuildFile; fileRef = 694F7E7B1C46294C00ED76DF /* Main.storyboard */; };
		694F7E7F1C46294C00ED76DF /* Assets.xcassets in Resources */ = {isa = PBXBuildFile; fileRef = 694F7E7E1C46294C00ED76DF /* Assets.xcassets */; };
		694F7E821C46294C00ED76DF /* LaunchScreen.storyboard in Resources */ = {isa = PBXBuildFile; fileRef = 694F7E801C46294C00ED76DF /* LaunchScreen.storyboard */; };
		D38D75AD1DE630C900F06359 /* Dummy.json in Resources */ = {isa = PBXBuildFile; fileRef = D38D75AC1DE630C900F06359 /* Dummy.json */; };
		D3B64DC41DE3A90A0094DB9E /* RootViewController.m in Sources */ = {isa = PBXBuildFile; fileRef = D3B64DC31DE3A90A0094DB9E /* RootViewController.m */; };
/* End PBXBuildFile section */

/* Begin PBXFileReference section */
		694F7E6F1C46294C00ED76DF /* PMCom.app */ = {isa = PBXFileReference; explicitFileType = wrapper.application; includeInIndex = 0; path = PMCom.app; sourceTree = BUILT_PRODUCTS_DIR; };
		694F7E731C46294C00ED76DF /* main.m */ = {isa = PBXFileReference; lastKnownFileType = sourcecode.c.objc; path = main.m; sourceTree = "<group>"; };
		694F7E751C46294C00ED76DF /* AppDelegate.h */ = {isa = PBXFileReference; lastKnownFileType = sourcecode.c.h; path = AppDelegate.h; sourceTree = "<group>"; };
		694F7E761C46294C00ED76DF /* AppDelegate.m */ = {isa = PBXFileReference; lastKnownFileType = sourcecode.c.objc; path = AppDelegate.m; sourceTree = "<group>"; };
		694F7E7C1C46294C00ED76DF /* Base */ = {isa = PBXFileReference; lastKnownFileType = file.storyboard; name = Base; path = Base.lproj/Main.storyboard; sourceTree = "<group>"; };
		694F7E7E1C46294C00ED76DF /* Assets.xcassets */ = {isa = PBXFileReference; lastKnownFileType = folder.assetcatalog; path = Assets.xcassets; sourceTree = "<group>"; };
		694F7E811C46294C00ED76DF /* Base */ = {isa = PBXFileReference; lastKnownFileType = file.storyboard; name = Base; path = Base.lproj/LaunchScreen.storyboard; sourceTree = "<group>"; };
		694F7E831C46294C00ED76DF /* Info.plist */ = {isa = PBXFileReference; lastKnownFileType = text.plist.xml; path = Info.plist; sourceTree = "<group>"; };
		D38D75AC1DE630C900F06359 /* Dummy.json */ = {isa = PBXFileReference; fileEncoding = 4; lastKnownFileType = text.json; path = Dummy.json; sourceTree = "<group>"; };
		D3B64DC21DE3A90A0094DB9E /* RootViewController.h */ = {isa = PBXFileReference; fileEncoding = 4; lastKnownFileType = sourcecode.c.h; path = RootViewController.h; sourceTree = "<group>"; };
		D3B64DC31DE3A90A0094DB9E /* RootViewController.m */ = {isa = PBXFileReference; fileEncoding = 4; lastKnownFileType = sourcecode.c.objc; path = RootViewController.m; sourceTree = "<group>"; };
/* End PBXFileReference section */

/* Begin PBXFrameworksBuildPhase section */
		694F7E6C1C46294C00ED76DF /* Frameworks */ = {
			isa = PBXFrameworksBuildPhase;
			buildActionMask = 2147483647;
			files = (
			);
			runOnlyForDeploymentPostprocessing = 0;
		};
/* End PBXFrameworksBuildPhase section */

/* Begin PBXGroup section */
		694F7E661C46294C00ED76DF = {
			isa = PBXGroup;
			children = (
				694F7E711C46294C00ED76DF /* PMCom */,
				694F7E701C46294C00ED76DF /* Products */,
			);
			sourceTree = "<group>";
		};
		694F7E701C46294C00ED76DF /* Products */ = {
			isa = PBXGroup;
			children = (
				694F7E6F1C46294C00ED76DF /* PMCom.app */,
			);
			name = Products;
			sourceTree = "<group>";
		};
		694F7E711C46294C00ED76DF /* PMCom */ = {
			isa = PBXGroup;
			children = (
				694F7E751C46294C00ED76DF /* AppDelegate.h */,
				694F7E761C46294C00ED76DF /* AppDelegate.m */,
				694F7E7B1C46294C00ED76DF /* Main.storyboard */,
				694F7E7E1C46294C00ED76DF /* Assets.xcassets */,
				D3B64DC11DE3A90A0094DB9E /* ViewController */,
				694F7E801C46294C00ED76DF /* LaunchScreen.storyboard */,
				694F7E831C46294C00ED76DF /* Info.plist */,
				D38D75AC1DE630C900F06359 /* Dummy.json */,
				694F7E721C46294C00ED76DF /* Supporting Files */,
			);
			path = PMCom;
			sourceTree = "<group>";
		};
		694F7E721C46294C00ED76DF /* Supporting Files */ = {
			isa = PBXGroup;
			children = (
				694F7E731C46294C00ED76DF /* main.m */,
			);
			name = "Supporting Files";
			sourceTree = "<group>";
		};
		D3B64DC11DE3A90A0094DB9E /* ViewController */ = {
			isa = PBXGroup;
			children = (
				D3B64DC21DE3A90A0094DB9E /* RootViewController.h */,
				D3B64DC31DE3A90A0094DB9E /* RootViewController.m */,
			);
			path = ViewController;
			sourceTree = "<group>";
		};
/* End PBXGroup section */

/* Begin PBXNativeTarget section */
		694F7E6E1C46294C00ED76DF /* PMCom */ = {
			isa = PBXNativeTarget;
			buildConfigurationList = 694F7E861C46294C00ED76DF /* Build configuration list for PBXNativeTarget "PMCom" */;
			buildPhases = (
				694F7E6B1C46294C00ED76DF /* Sources */,
				694F7E6C1C46294C00ED76DF /* Frameworks */,
				694F7E6D1C46294C00ED76DF /* Resources */,
			);
			buildRules = (
			);
			dependencies = (
			);
			name = PMCom;
			productName = PMCom;
			productReference = 694F7E6F1C46294C00ED76DF /* PMCom.app */;
			productType = "com.apple.product-type.application";
		};
/* End PBXNativeTarget section */

/* Begin PBXProject section */
		694F7E671C46294C00ED76DF /* Project object */ = {
			isa = PBXProject;
			attributes = {
				LastUpgradeCheck = 0710;
				ORGANIZATIONNAME = pm;
				TargetAttributes = {
					694F7E6E1C46294C00ED76DF = {
						CreatedOnToolsVersion = 7.1.1;
					};
				};
			};
			buildConfigurationList = 694F7E6A1C46294C00ED76DF /* Build configuration list for PBXProject "PMCom" */;
			compatibilityVersion = "Xcode 3.2";
			developmentRegion = English;
			hasScannedForEncodings = 0;
			knownRegions = (
				en,
				Base,
			);
			mainGroup = 694F7E661C46294C00ED76DF;
			productRefGroup = 694F7E701C46294C00ED76DF /* Products */;
			projectDirPath = "";
			projectRoot = "";
			targets = (
				694F7E6E1C46294C00ED76DF /* PMCom */,
			);
		};
/* End PBXProject section */

/* Begin PBXResourcesBuildPhase section */
		694F7E6D1C46294C00ED76DF /* Resources */ = {
			isa = PBXResourcesBuildPhase;
			buildActionMask = 2147483647;
			files = (
				694F7E821C46294C00ED76DF /* LaunchScreen.storyboard in Resources */,
				694F7E7F1C46294C00ED76DF /* Assets.xcassets in Resources */,
				D38D75AD1DE630C900F06359 /* Dummy.json in Resources */,
				694F7E7D1C46294C00ED76DF /* Main.storyboard in Resources */,
			);
			runOnlyForDeploymentPostprocessing = 0;
		};
/* End PBXResourcesBuildPhase section */

/* Begin PBXSourcesBuildPhase section */
		694F7E6B1C46294C00ED76DF /* Sources */ = {
			isa = PBXSourcesBuildPhase;
			buildActionMask = 2147483647;
			files = (
				694F7E771C46294C00ED76DF /* AppDelegate.m in Sources */,
				694F7E741C46294C00ED76DF /* main.m in Sources */,
				D3B64DC41DE3A90A0094DB9E /* RootViewController.m in Sources */,
			);
			runOnlyForDeploymentPostprocessing = 0;
		};
/* End PBXSourcesBuildPhase section */

/* Begin PBXVariantGroup section */
		694F7E7B1C46294C00ED76DF /* Main.storyboard */ = {
			isa = PBXVariantGroup;
			children = (
				694F7E7C1C46294C00ED76DF /* Base */,
			);
			name = Main.storyboard;
			sourceTree = "<group>";
		};
		694F7E801C46294C00ED76DF /* LaunchScreen.storyboard */ = {
			isa = PBXVariantGroup;
			children = (
				694F7E811C46294C00ED76DF /* Base */,
			);
			name = LaunchScreen.storyboard;
			sourceTree = "<group>";
		};
/* End PBXVariantGroup section */

/* Begin XCBuildConfiguration section */
		694F7E841C46294C00ED76DF /* Debug */ = {
			isa = XCBuildConfiguration;
			buildSettings = {
				ALWAYS_SEARCH_USER_PATHS = NO;
				CLANG_CXX_LANGUAGE_STANDARD = "gnu++0x";
				CLANG_CXX_LIBRARY = "libc++";
				CLANG_ENABLE_MODULES = YES;
				CLANG_ENABLE_OBJC_ARC = YES;
				CLANG_WARN_BOOL_CONVERSION = YES;
				CLANG_WARN_CONSTANT_CONVERSION = YES;
				CLANG_WARN_DIRECT_OBJC_ISA_USAGE = YES_ERROR;
				CLANG_WARN_EMPTY_BODY = YES;
				CLANG_WARN_ENUM_CONVERSION = YES;
				CLANG_WARN_INT_CONVERSION = YES;
				CLANG_WARN_OBJC_ROOT_CLASS = YES_ERROR;
				CLANG_WARN_UNREACHABLE_CODE = YES;
				CLANG_WARN__DUPLICATE_METHOD_MATCH = YES;
				"CODE_SIGN_IDENTITY[sdk=iphoneos*]" = "iPhone Developer";
				COPY_PHASE_STRIP = NO;
				DEBUG_INFORMATION_FORMAT = dwarf;
				ENABLE_STRICT_OBJC_MSGSEND = YES;
				ENABLE_TESTABILITY = YES;
				GCC_C_LANGUAGE_STANDARD = gnu99;
				GCC_DYNAMIC_NO_PIC = NO;
				GCC_NO_COMMON_BLOCKS = YES;
				GCC_OPTIMIZATION_LEVEL = 0;
				GCC_PREPROCESSOR_DEFINITIONS = (
					"DEBUG=1",
					"$(inherited)",
				);
				GCC_WARN_64_TO_32_BIT_CONVERSION = YES;
				GCC_WARN_ABOUT_RETURN_TYPE = YES_ERROR;
				GCC_WARN_UNDECLARED_SELECTOR = YES;
				GCC_WARN_UNINITIALIZED_AUTOS = YES_AGGRESSIVE;
				GCC_WARN_UNUSED_FUNCTION = YES;
				GCC_WARN_UNUSED_VARIABLE = YES;
				IPHONEOS_DEPLOYMENT_TARGET = 9.1;
				MTL_ENABLE_DEBUG_INFO = YES;
				ONLY_ACTIVE_ARCH = YES;
				SDKROOT = iphoneos;
			};
			name = Debug;
		};
		694F7E851C46294C00ED76DF /* Release */ = {
			isa = XCBuildConfiguration;
			buildSettings = {
				ALWAYS_SEARCH_USER_PATHS = NO;
				CLANG_CXX_LANGUAGE_STANDARD = "gnu++0x";
				CLANG_CXX_LIBRARY = "libc++";
				CLANG_ENABLE_MODULES = YES;
				CLANG_ENABLE_OBJC_ARC = YES;
				CLANG_WARN_BOOL_CONVERSION = YES;
				CLANG_WARN_CONSTANT_CONVERSION = YES;
				CLANG_WARN_DIRECT_OBJC_ISA_USAGE = YES_ERROR;
				CLANG_WARN_EMPTY_BODY = YES;
				CLANG_WARN_ENUM_CONVERSION = YES;
				CLANG_WARN_INT_CONVERSION = YES;
				CLANG_WARN_OBJC_ROOT_CLASS = YES_ERROR;
				CLANG_WARN_UNREACHABLE_CODE = YES;
				CLANG_WARN__DUPLICATE_METHOD_MATCH = YES;
				"CODE_SIGN_IDENTITY[sdk=iphoneos*]" = "iPhone Developer";
				COPY_PHASE_STRIP = NO;
				DEBUG_INFORMATION_FORMAT = "dwarf-with-dsym";
				ENABLE_NS_ASSERTIONS = NO;
				ENABLE_STRICT_OBJC_MSGSEND = YES;
				GCC_C_LANGUAGE_STANDARD = gnu99;
				GCC_NO_COMMON_BLOCKS = YES;
				GCC_WARN_64_TO_32_BIT_CONVERSION = YES;
				GCC_WARN_ABOUT_RETURN_TYPE = YES_ERROR;
				GCC_WARN_UNDECLARED_SELECTOR = YES;
				GCC_WARN_UNINITIALIZED_AUTOS = YES_AGGRESSIVE;
				GCC_WARN_UNUSED_FUNCTION = YES;
				GCC_WARN_UNUSED_VARIABLE = YES;
				IPHONEOS_DEPLOYMENT_TARGET = 9.1;
				MTL_ENABLE_DEBUG_INFO = NO;
				SDKROOT = iphoneos;
				VALIDATE_PRODUCT = YES;
			};
			name = Release;
		};
		694F7E871C46294C00ED76DF /* Debug */ = {
			isa = XCBuildConfiguration;
			buildSettings = {
				ASSETCATALOG_COMPILER_APPICON_NAME = AppIcon;
				INFOPLIST_FILE = PMCom/Info.plist;
				LD_RUNPATH_SEARCH_PATHS = "$(inherited) @executable_path/Frameworks";
				PRODUCT_BUNDLE_IDENTIFIER = com.demo.PMCom;
				PRODUCT_NAME = "$(TARGET_NAME)";
				TARGETED_DEVICE_FAMILY = "1,2";
			};
			name = Debug;
		};
		694F7E881C46294C00ED76DF /* Release */ = {
			isa = XCBuildConfiguration;
			buildSettings = {
				ASSETCATALOG_COMPILER_APPICON_NAME = AppIcon;
				INFOPLIST_FILE = PMCom/Info.plist;
				LD_RUNPATH_SEARCH_PATHS = "$(inherited) @executable_path/Frameworks";
				PRODUCT_BUNDLE_IDENTIFIER = com.demo.PMCom;
				PRODUCT_NAME = "$(TARGET_NAME)";
				TARGETED_DEVICE_FAMILY = "1,2";
			};
			name = Release;
		};
/* End XCBuildConfiguration section */

/* Begin XCConfigurationList section */
		694F7E6A1C46294C00ED76DF /* Build configuration list for PBXProject "PMCom" */ = {
			isa = XCConfigurationList;
			buildConfigurations = (
				694F7E841C46294C00ED76DF /* Debug */,
				694F7E851C46294C00ED76DF /* Release */,
			);
			defaultConfigurationIsVisible = 0;
			defaultConfigurationName = Release;
		};
		694F7E861C46294C00ED76DF /* Build configuration list for PBXNativeTarget "PMCom" */ = {
			isa = XCConfigurationList;
			buildConfigurations = (
				694F7E871C46294C00ED76DF /* Debug */,
				694F7E881C46294C00ED76DF /* Release */,
			);
			defaultConfigurationIsVisible = 0;
			defaultConfigurationName = Release;
		};
/* End XCConfigurationList section */
	};
	rootObject = 694F7E671C46294C00ED76DF /* Project object */;
}
